
Microsoft Visual Studio Solution File, Format Version 12.00
# Visual Studio Version 16
VisualStudioVersion = 16.0.30011.22
MinimumVisualStudioVersion = 10.0.40219.1
Project("{FAE04EC0-301F-11D3-BF4B-00C04F79EFBC}") = "blatt3aufgabe2", "blatt3aufgabe2\blatt3aufgabe2.csproj", "{F2D7CA01-6A70-42AE-8EE0-F9A2C7563F83}"
EndProject
Global
	GlobalSection(SolutionConfigurationPlatforms) = preSolution
		Debug|Any CPU = Debug|Any CPU
		Release|Any CPU = Release|Any CPU
	EndGlobalSection
	GlobalSection(ProjectConfigurationPlatforms) = postSolution
		{F2D7CA01-6A70-42AE-8EE0-F9A2C7563F83}.Debug|Any CPU.ActiveCfg = Debug|Any CPU
		{F2D7CA01-6A70-42AE-8EE0-F9A2C7563F83}.Debug|Any CPU.Build.0 = Debug|Any CPU
		{F2D7CA01-6A70-42AE-8EE0-F9A2C7563F83}.Release|Any CPU.ActiveCfg = Release|Any CPU
		{F2D7CA01-6A70-42AE-8EE0-F9A2C7563F83}.Release|Any CPU.Build.0 = Release|Any CPU
	EndGlobalSection
	GlobalSection(SolutionProperties) = preSolution
		HideSolutionNode = FALSE
	EndGlobalSection
	GlobalSection(ExtensibilityGlobals) = postSolution
		SolutionGuid = {C22680F6-73C8-4D72-B106-4B8EDDC8587D}
	EndGlobalSection
EndGlobal
