
Microsoft Visual Studio Solution File, Format Version 12.00
# Visual Studio Version 16
VisualStudioVersion = 16.0.30204.135
MinimumVisualStudioVersion = 10.0.40219.1
Project("{9A19103F-16F7-4668-BE54-9A1E7A4F7556}") = "Uebungsprojekt", "Uebungsprojekt.csproj", "{284E47A5-80F4-4BAD-ADD0-0626572DAECC}"
EndProject
Project("{9A19103F-16F7-4668-BE54-9A1E7A4F7556}") = "Dao Unit Tests", "..\Dao Unit Tests\Dao Unit Tests.csproj", "{293DDC75-EB58-4203-8916-85B23FC8CBEC}"
EndProject
Project("{FAE04EC0-301F-11D3-BF4B-00C04F79EFBC}") = "ListsUnitTests", "..\ListsUnitTests\ListsUnitTests.csproj", "{F2EBA026-5138-4BFD-98B5-72CB2B21D778}"
EndProject
Global
	GlobalSection(SolutionConfigurationPlatforms) = preSolution
		Debug|Any CPU = Debug|Any CPU
		Release|Any CPU = Release|Any CPU
	EndGlobalSection
	GlobalSection(ProjectConfigurationPlatforms) = postSolution
		{284E47A5-80F4-4BAD-ADD0-0626572DAECC}.Debug|Any CPU.ActiveCfg = Debug|Any CPU
		{284E47A5-80F4-4BAD-ADD0-0626572DAECC}.Debug|Any CPU.Build.0 = Debug|Any CPU
		{284E47A5-80F4-4BAD-ADD0-0626572DAECC}.Release|Any CPU.ActiveCfg = Release|Any CPU
		{284E47A5-80F4-4BAD-ADD0-0626572DAECC}.Release|Any CPU.Build.0 = Release|Any CPU
		{293DDC75-EB58-4203-8916-85B23FC8CBEC}.Debug|Any CPU.ActiveCfg = Debug|Any CPU
		{293DDC75-EB58-4203-8916-85B23FC8CBEC}.Debug|Any CPU.Build.0 = Debug|Any CPU
		{293DDC75-EB58-4203-8916-85B23FC8CBEC}.Release|Any CPU.ActiveCfg = Release|Any CPU
		{293DDC75-EB58-4203-8916-85B23FC8CBEC}.Release|Any CPU.Build.0 = Release|Any CPU
		{F2EBA026-5138-4BFD-98B5-72CB2B21D778}.Debug|Any CPU.ActiveCfg = Debug|Any CPU
		{F2EBA026-5138-4BFD-98B5-72CB2B21D778}.Debug|Any CPU.Build.0 = Debug|Any CPU
		{F2EBA026-5138-4BFD-98B5-72CB2B21D778}.Release|Any CPU.ActiveCfg = Release|Any CPU
		{F2EBA026-5138-4BFD-98B5-72CB2B21D778}.Release|Any CPU.Build.0 = Release|Any CPU
	EndGlobalSection
	GlobalSection(SolutionProperties) = preSolution
		HideSolutionNode = FALSE
	EndGlobalSection
	GlobalSection(ExtensibilityGlobals) = postSolution
		SolutionGuid = {98DAB93C-3762-4B48-9204-5FAE196BC0FD}
	EndGlobalSection
EndGlobal
