
Microsoft Visual Studio Solution File, Format Version 12.00
# Visual Studio Version 16
VisualStudioVersion = 16.0.30011.22
MinimumVisualStudioVersion = 10.0.40219.1
Project("{9A19103F-16F7-4668-BE54-9A1E7A4F7556}") = "Uebungsprojekt", "Uebungsprojekt.csproj", "{B4284D3C-13BB-46B4-A7CC-75A95C812E8E}"
EndProject
Project("{9A19103F-16F7-4668-BE54-9A1E7A4F7556}") = "NUnitTestProject1", "..\NUnitTestProject1\NUnitTestProject1.csproj", "{281EAA12-9761-4325-AEA4-CDC5C9B10901}"
EndProject
Project("{FAE04EC0-301F-11D3-BF4B-00C04F79EFBC}") = "UI-Tests", "..\UI-Tests\UI-Tests.csproj", "{E4E068DF-F542-4897-A026-3DCE2545EA64}"
EndProject
Global
	GlobalSection(SolutionConfigurationPlatforms) = preSolution
		Debug|Any CPU = Debug|Any CPU
		Release|Any CPU = Release|Any CPU
	EndGlobalSection
	GlobalSection(ProjectConfigurationPlatforms) = postSolution
		{B4284D3C-13BB-46B4-A7CC-75A95C812E8E}.Debug|Any CPU.ActiveCfg = Debug|Any CPU
		{B4284D3C-13BB-46B4-A7CC-75A95C812E8E}.Debug|Any CPU.Build.0 = Debug|Any CPU
		{B4284D3C-13BB-46B4-A7CC-75A95C812E8E}.Release|Any CPU.ActiveCfg = Release|Any CPU
		{B4284D3C-13BB-46B4-A7CC-75A95C812E8E}.Release|Any CPU.Build.0 = Release|Any CPU
		{281EAA12-9761-4325-AEA4-CDC5C9B10901}.Debug|Any CPU.ActiveCfg = Debug|Any CPU
		{281EAA12-9761-4325-AEA4-CDC5C9B10901}.Debug|Any CPU.Build.0 = Debug|Any CPU
		{281EAA12-9761-4325-AEA4-CDC5C9B10901}.Release|Any CPU.ActiveCfg = Release|Any CPU
		{281EAA12-9761-4325-AEA4-CDC5C9B10901}.Release|Any CPU.Build.0 = Release|Any CPU
		{E4E068DF-F542-4897-A026-3DCE2545EA64}.Debug|Any CPU.ActiveCfg = Debug|Any CPU
		{E4E068DF-F542-4897-A026-3DCE2545EA64}.Debug|Any CPU.Build.0 = Debug|Any CPU
		{E4E068DF-F542-4897-A026-3DCE2545EA64}.Release|Any CPU.ActiveCfg = Release|Any CPU
		{E4E068DF-F542-4897-A026-3DCE2545EA64}.Release|Any CPU.Build.0 = Release|Any CPU
	EndGlobalSection
	GlobalSection(SolutionProperties) = preSolution
		HideSolutionNode = FALSE
	EndGlobalSection
	GlobalSection(ExtensibilityGlobals) = postSolution
		SolutionGuid = {614B4CDD-7D6C-48FF-BF9E-9D26549CB477}
	EndGlobalSection
EndGlobal
