
Microsoft Visual Studio Solution File, Format Version 12.00
# Visual Studio Version 16
VisualStudioVersion = 16.0.30011.22
MinimumVisualStudioVersion = 10.0.40219.1
Project("{FAE04EC0-301F-11D3-BF4B-00C04F79EFBC}") = "A3.2", "A3.2.csproj", "{851A025A-6B89-42D0-B6F9-CC79857D1592}"
EndProject
Global
	GlobalSection(SolutionConfigurationPlatforms) = preSolution
		Debug|Any CPU = Debug|Any CPU
		Release|Any CPU = Release|Any CPU
	EndGlobalSection
	GlobalSection(ProjectConfigurationPlatforms) = postSolution
		{851A025A-6B89-42D0-B6F9-CC79857D1592}.Debug|Any CPU.ActiveCfg = Debug|Any CPU
		{851A025A-6B89-42D0-B6F9-CC79857D1592}.Debug|Any CPU.Build.0 = Debug|Any CPU
		{851A025A-6B89-42D0-B6F9-CC79857D1592}.Release|Any CPU.ActiveCfg = Release|Any CPU
		{851A025A-6B89-42D0-B6F9-CC79857D1592}.Release|Any CPU.Build.0 = Release|Any CPU
	EndGlobalSection
	GlobalSection(SolutionProperties) = preSolution
		HideSolutionNode = FALSE
	EndGlobalSection
	GlobalSection(ExtensibilityGlobals) = postSolution
		SolutionGuid = {435A520E-893E-41F7-8DEA-27A9C406468E}
	EndGlobalSection
EndGlobal
